
Microsoft Visual Studio Solution File, Format Version 12.00
# Visual Studio Version 16
VisualStudioVersion = 16.0.31410.357
MinimumVisualStudioVersion = 10.0.40219.1
Project("{FAE04EC0-301F-11D3-BF4B-00C04F79EFBC}") = "WebApiClient", "WebApiClient\WebApiClient.csproj", "{74791803-3385-46C2-A87F-AB11205C8C2B}"
EndProject
Global
	GlobalSection(SolutionConfigurationPlatforms) = preSolution
		Debug|Any CPU = Debug|Any CPU
		Release|Any CPU = Release|Any CPU
	EndGlobalSection
	GlobalSection(ProjectConfigurationPlatforms) = postSolution
		{74791803-3385-46C2-A87F-AB11205C8C2B}.Debug|Any CPU.ActiveCfg = Debug|Any CPU
		{74791803-3385-46C2-A87F-AB11205C8C2B}.Debug|Any CPU.Build.0 = Debug|Any CPU
		{74791803-3385-46C2-A87F-AB11205C8C2B}.Release|Any CPU.ActiveCfg = Release|Any CPU
		{74791803-3385-46C2-A87F-AB11205C8C2B}.Release|Any CPU.Build.0 = Release|Any CPU
	EndGlobalSection
	GlobalSection(SolutionProperties) = preSolution
		HideSolutionNode = FALSE
	EndGlobalSection
	GlobalSection(ExtensibilityGlobals) = postSolution
		SolutionGuid = {BD6DBD1F-399E-4F4B-B69A-B91555BDDD7F}
	EndGlobalSection
EndGlobal
